
Microsoft Visual Studio Solution File, Format Version 12.00
# Visual Studio 15
VisualStudioVersion = 15.0.28307.271
MinimumVisualStudioVersion = 10.0.40219.1
Project("{FAE04EC0-301F-11D3-BF4B-00C04F79EFBC}") = "OWAForecast", "OWAForecast\OWAForecast.csproj", "{8E969EEA-C629-4B13-B877-832443DF178A}"
EndProject
Project("{FAE04EC0-301F-11D3-BF4B-00C04F79EFBC}") = "OWAForecast.Tests", "OWAForecast.Tests\OWAForecast.Tests.csproj", "{A5DC6BC5-82A9-41AC-A665-47D83FEE8EDF}"
EndProject
Global
	GlobalSection(SolutionConfigurationPlatforms) = preSolution
		Debug|Any CPU = Debug|Any CPU
		Release|Any CPU = Release|Any CPU
	EndGlobalSection
	GlobalSection(ProjectConfigurationPlatforms) = postSolution
		{8E969EEA-C629-4B13-B877-832443DF178A}.Debug|Any CPU.ActiveCfg = Debug|Any CPU
		{8E969EEA-C629-4B13-B877-832443DF178A}.Debug|Any CPU.Build.0 = Debug|Any CPU
		{8E969EEA-C629-4B13-B877-832443DF178A}.Release|Any CPU.ActiveCfg = Release|Any CPU
		{8E969EEA-C629-4B13-B877-832443DF178A}.Release|Any CPU.Build.0 = Release|Any CPU
		{A5DC6BC5-82A9-41AC-A665-47D83FEE8EDF}.Debug|Any CPU.ActiveCfg = Debug|Any CPU
		{A5DC6BC5-82A9-41AC-A665-47D83FEE8EDF}.Debug|Any CPU.Build.0 = Debug|Any CPU
		{A5DC6BC5-82A9-41AC-A665-47D83FEE8EDF}.Release|Any CPU.ActiveCfg = Release|Any CPU
		{A5DC6BC5-82A9-41AC-A665-47D83FEE8EDF}.Release|Any CPU.Build.0 = Release|Any CPU
	EndGlobalSection
	GlobalSection(SolutionProperties) = preSolution
		HideSolutionNode = FALSE
	EndGlobalSection
	GlobalSection(ExtensibilityGlobals) = postSolution
		SolutionGuid = {DB146076-39DE-4047-B6C4-36DE487933E9}
	EndGlobalSection
EndGlobal
